// !$*UTF8*$!
{
	archiveVersion = 1;
	classes = {
	};
	objectVersion = 46;
	objects = {

/* Begin PBXBuildFile section */
		07E094671FEC161F006C1776 /* ZAAppDelegateConnectorChromecastProtocol.h in Headers */ = {isa = PBXBuildFile; fileRef = 07E094661FEC161F006C1776 /* ZAAppDelegateConnectorChromecastProtocol.h */; settings = {ATTRIBUTES = (Public, ); }; };
		711C9972202E0D1F008B5D73 /* ZAAppDelegateConnectorAnalyticsProtocol.swift in Sources */ = {isa = PBXBuildFile; fileRef = 711C9971202E0D1F008B5D73 /* ZAAppDelegateConnectorAnalyticsProtocol.swift */; };
		71797F471FF41FC5004D3232 /* ZAAccountKitUser.swift in Sources */ = {isa = PBXBuildFile; fileRef = 71797F461FF41FC5004D3232 /* ZAAccountKitUser.swift */; };
		71B074911FF2B27A008ADA28 /* ZAAppDelegateConnectorFacebookAccountKitProtocol.h in Headers */ = {isa = PBXBuildFile; fileRef = 71B074901FF2B27A008ADA28 /* ZAAppDelegateConnectorFacebookAccountKitProtocol.h */; settings = {ATTRIBUTES = (Public, ); }; };
		CE4A9A991F0AD60A002FDE36 /* ZAAppDelegateConnectorURLProtocol.h in Headers */ = {isa = PBXBuildFile; fileRef = CE4A9A981F0AD60A002FDE36 /* ZAAppDelegateConnectorURLProtocol.h */; settings = {ATTRIBUTES = (Public, ); }; };
		CE50034C1F0A0F3F00825C38 /* ZAAppDelegateConnectorTimeProtocol.h in Headers */ = {isa = PBXBuildFile; fileRef = CE50034B1F0A0F3F00825C38 /* ZAAppDelegateConnectorTimeProtocol.h */; settings = {ATTRIBUTES = (Public, ); }; };
		CE50034E1F0A10ED00825C38 /* ZAAppDelegateConnectorActionProtocol.h in Headers */ = {isa = PBXBuildFile; fileRef = CE50034D1F0A10ED00825C38 /* ZAAppDelegateConnectorActionProtocol.h */; settings = {ATTRIBUTES = (Public, ); }; };
		CE5003501F0A115E00825C38 /* ZAAppDelegateConnectorAnimationProtocol.h in Headers */ = {isa = PBXBuildFile; fileRef = CE50034F1F0A115E00825C38 /* ZAAppDelegateConnectorAnimationProtocol.h */; settings = {ATTRIBUTES = (Public, ); }; };
		E7849026D17AE23184966088 /* Pods_ZappAppConnector.framework in Frameworks */ = {isa = PBXBuildFile; fileRef = E16AAABC6978A076A27EE310 /* Pods_ZappAppConnector.framework */; };
		FA13B615204DF5E60012E9AB /* ZAAppDelegateConnectorGenericProtocol.swift in Sources */ = {isa = PBXBuildFile; fileRef = FA13B614204DF5E60012E9AB /* ZAAppDelegateConnectorGenericProtocol.swift */; };
		FA13B61D204E9B630012E9AB /* ZappAppConnectorTests.swift in Sources */ = {isa = PBXBuildFile; fileRef = FA13B61C204E9B630012E9AB /* ZappAppConnectorTests.swift */; };
		FA9590461F08D7E600879372 /* ZappAppConnector.h in Headers */ = {isa = PBXBuildFile; fileRef = FA9590381F08D7E600879372 /* ZappAppConnector.h */; settings = {ATTRIBUTES = (Public, ); }; };
		FA9590521F08D80500879372 /* ZAAppConnector.h in Headers */ = {isa = PBXBuildFile; fileRef = FA9590501F08D80500879372 /* ZAAppConnector.h */; settings = {ATTRIBUTES = (Public, ); }; };
		FA9590531F08D80500879372 /* ZAAppConnector.m in Sources */ = {isa = PBXBuildFile; fileRef = FA9590511F08D80500879372 /* ZAAppConnector.m */; };
		FA9590571F08D81F00879372 /* ZAAppDelegateConnectorNavigationProtocol.h in Headers */ = {isa = PBXBuildFile; fileRef = FA9590551F08D81F00879372 /* ZAAppDelegateConnectorNavigationProtocol.h */; settings = {ATTRIBUTES = (Public, ); }; };
		FA95905A1F08DA6A00879372 /* ZAAppDelegateConnectorLocalizationProtocol.h in Headers */ = {isa = PBXBuildFile; fileRef = FA9590591F08DA6A00879372 /* ZAAppDelegateConnectorLocalizationProtocol.h */; settings = {ATTRIBUTES = (Public, ); }; };
		FA95905C1F08DA7F00879372 /* ZAAppDelegateConnectorLayoutsStylesProtocol.h in Headers */ = {isa = PBXBuildFile; fileRef = FA95905B1F08DA7F00879372 /* ZAAppDelegateConnectorLayoutsStylesProtocol.h */; settings = {ATTRIBUTES = (Public, ); }; };
		FA9A96511F1612F500E64F9D /* ZAAppDelegateConnectorFirebaseRemoteConfigurationProtocol.h in Headers */ = {isa = PBXBuildFile; fileRef = FA9A96501F1612F500E64F9D /* ZAAppDelegateConnectorFirebaseRemoteConfigurationProtocol.h */; settings = {ATTRIBUTES = (Public, ); }; };
/* End PBXBuildFile section */

/* Begin PBXFileReference section */
		07E094661FEC161F006C1776 /* ZAAppDelegateConnectorChromecastProtocol.h */ = {isa = PBXFileReference; lastKnownFileType = sourcecode.c.h; path = ZAAppDelegateConnectorChromecastProtocol.h; sourceTree = "<group>"; };
		0824DA4ED3E6BE8B6C57EDDA /* Pods-ZappAppConnector.debug.xcconfig */ = {isa = PBXFileReference; includeInIndex = 1; lastKnownFileType = text.xcconfig; name = "Pods-ZappAppConnector.debug.xcconfig"; path = "Pods/Target Support Files/Pods-ZappAppConnector/Pods-ZappAppConnector.debug.xcconfig"; sourceTree = "<group>"; };
		365E8C5F3B06CC6F3F5965D4 /* Pods-ZappAppConnectorTests.debug.xcconfig */ = {isa = PBXFileReference; includeInIndex = 1; lastKnownFileType = text.xcconfig; name = "Pods-ZappAppConnectorTests.debug.xcconfig"; path = "Pods/Target Support Files/Pods-ZappAppConnectorTests/Pods-ZappAppConnectorTests.debug.xcconfig"; sourceTree = "<group>"; };
		42CC678034F349683EB9516A /* Pods_ZappAppConnector_ZappAppConnectorTests.framework */ = {isa = PBXFileReference; explicitFileType = wrapper.framework; includeInIndex = 0; path = Pods_ZappAppConnector_ZappAppConnectorTests.framework; sourceTree = BUILT_PRODUCTS_DIR; };
		711C9971202E0D1F008B5D73 /* ZAAppDelegateConnectorAnalyticsProtocol.swift */ = {isa = PBXFileReference; fileEncoding = 4; lastKnownFileType = sourcecode.swift; path = ZAAppDelegateConnectorAnalyticsProtocol.swift; sourceTree = "<group>"; };
		71797F461FF41FC5004D3232 /* ZAAccountKitUser.swift */ = {isa = PBXFileReference; fileEncoding = 4; lastKnownFileType = sourcecode.swift; path = ZAAccountKitUser.swift; sourceTree = "<group>"; };
		71B074901FF2B27A008ADA28 /* ZAAppDelegateConnectorFacebookAccountKitProtocol.h */ = {isa = PBXFileReference; fileEncoding = 4; lastKnownFileType = sourcecode.c.h; path = ZAAppDelegateConnectorFacebookAccountKitProtocol.h; sourceTree = "<group>"; };
		90D7D48DF8594EFF11EAA009 /* Pods-ZappAppConnectorTests.release.xcconfig */ = {isa = PBXFileReference; includeInIndex = 1; lastKnownFileType = text.xcconfig; name = "Pods-ZappAppConnectorTests.release.xcconfig"; path = "Pods/Target Support Files/Pods-ZappAppConnectorTests/Pods-ZappAppConnectorTests.release.xcconfig"; sourceTree = "<group>"; };
		9D406F193B51FF760BB4422B /* Pods-ZappAppConnector-ZappAppConnectorTests.debug.xcconfig */ = {isa = PBXFileReference; includeInIndex = 1; lastKnownFileType = text.xcconfig; name = "Pods-ZappAppConnector-ZappAppConnectorTests.debug.xcconfig"; path = "Pods/Target Support Files/Pods-ZappAppConnector-ZappAppConnectorTests/Pods-ZappAppConnector-ZappAppConnectorTests.debug.xcconfig"; sourceTree = "<group>"; };
		B291F0DDD60F5E87DB25C224 /* Pods_ZappAppConnectorTests.framework */ = {isa = PBXFileReference; explicitFileType = wrapper.framework; includeInIndex = 0; path = Pods_ZappAppConnectorTests.framework; sourceTree = BUILT_PRODUCTS_DIR; };
		CE4A9A981F0AD60A002FDE36 /* ZAAppDelegateConnectorURLProtocol.h */ = {isa = PBXFileReference; fileEncoding = 4; lastKnownFileType = sourcecode.c.h; path = ZAAppDelegateConnectorURLProtocol.h; sourceTree = "<group>"; };
		CE50034B1F0A0F3F00825C38 /* ZAAppDelegateConnectorTimeProtocol.h */ = {isa = PBXFileReference; fileEncoding = 4; lastKnownFileType = sourcecode.c.h; path = ZAAppDelegateConnectorTimeProtocol.h; sourceTree = "<group>"; };
		CE50034D1F0A10ED00825C38 /* ZAAppDelegateConnectorActionProtocol.h */ = {isa = PBXFileReference; fileEncoding = 4; lastKnownFileType = sourcecode.c.h; path = ZAAppDelegateConnectorActionProtocol.h; sourceTree = "<group>"; };
		CE50034F1F0A115E00825C38 /* ZAAppDelegateConnectorAnimationProtocol.h */ = {isa = PBXFileReference; fileEncoding = 4; lastKnownFileType = sourcecode.c.h; path = ZAAppDelegateConnectorAnimationProtocol.h; sourceTree = "<group>"; };
		E16AAABC6978A076A27EE310 /* Pods_ZappAppConnector.framework */ = {isa = PBXFileReference; explicitFileType = wrapper.framework; includeInIndex = 0; path = Pods_ZappAppConnector.framework; sourceTree = BUILT_PRODUCTS_DIR; };
		F7EDBC18C1683DC6E51A7D1B /* Pods-ZappAppConnector.release.xcconfig */ = {isa = PBXFileReference; includeInIndex = 1; lastKnownFileType = text.xcconfig; name = "Pods-ZappAppConnector.release.xcconfig"; path = "Pods/Target Support Files/Pods-ZappAppConnector/Pods-ZappAppConnector.release.xcconfig"; sourceTree = "<group>"; };
		F95B35259A036D85D45EE036 /* Pods-ZappAppConnector-ZappAppConnectorTests.release.xcconfig */ = {isa = PBXFileReference; includeInIndex = 1; lastKnownFileType = text.xcconfig; name = "Pods-ZappAppConnector-ZappAppConnectorTests.release.xcconfig"; path = "Pods/Target Support Files/Pods-ZappAppConnector-ZappAppConnectorTests/Pods-ZappAppConnector-ZappAppConnectorTests.release.xcconfig"; sourceTree = "<group>"; };
		FA13B614204DF5E60012E9AB /* ZAAppDelegateConnectorGenericProtocol.swift */ = {isa = PBXFileReference; fileEncoding = 4; lastKnownFileType = sourcecode.swift; path = ZAAppDelegateConnectorGenericProtocol.swift; sourceTree = "<group>"; };
		FA13B61A204E9B630012E9AB /* ZappAppConnectorTests.xctest */ = {isa = PBXFileReference; explicitFileType = wrapper.cfbundle; includeInIndex = 0; path = ZappAppConnectorTests.xctest; sourceTree = BUILT_PRODUCTS_DIR; };
		FA13B61C204E9B630012E9AB /* ZappAppConnectorTests.swift */ = {isa = PBXFileReference; lastKnownFileType = sourcecode.swift; path = ZappAppConnectorTests.swift; sourceTree = "<group>"; };
		FA13B61E204E9B630012E9AB /* Info.plist */ = {isa = PBXFileReference; lastKnownFileType = text.plist.xml; path = Info.plist; sourceTree = "<group>"; };
		FA9590351F08D7E600879372 /* ZappAppConnector.framework */ = {isa = PBXFileReference; explicitFileType = wrapper.framework; includeInIndex = 0; path = ZappAppConnector.framework; sourceTree = BUILT_PRODUCTS_DIR; };
		FA9590381F08D7E600879372 /* ZappAppConnector.h */ = {isa = PBXFileReference; lastKnownFileType = sourcecode.c.h; path = ZappAppConnector.h; sourceTree = "<group>"; };
		FA9590391F08D7E600879372 /* Info.plist */ = {isa = PBXFileReference; lastKnownFileType = text.plist.xml; path = Info.plist; sourceTree = "<group>"; };
		FA9590501F08D80500879372 /* ZAAppConnector.h */ = {isa = PBXFileReference; fileEncoding = 4; lastKnownFileType = sourcecode.c.h; path = ZAAppConnector.h; sourceTree = "<group>"; };
		FA9590511F08D80500879372 /* ZAAppConnector.m */ = {isa = PBXFileReference; fileEncoding = 4; lastKnownFileType = sourcecode.c.objc; path = ZAAppConnector.m; sourceTree = "<group>"; };
		FA9590551F08D81F00879372 /* ZAAppDelegateConnectorNavigationProtocol.h */ = {isa = PBXFileReference; fileEncoding = 4; lastKnownFileType = sourcecode.c.h; path = ZAAppDelegateConnectorNavigationProtocol.h; sourceTree = "<group>"; };
		FA9590591F08DA6A00879372 /* ZAAppDelegateConnectorLocalizationProtocol.h */ = {isa = PBXFileReference; fileEncoding = 4; lastKnownFileType = sourcecode.c.h; path = ZAAppDelegateConnectorLocalizationProtocol.h; sourceTree = "<group>"; };
		FA95905B1F08DA7F00879372 /* ZAAppDelegateConnectorLayoutsStylesProtocol.h */ = {isa = PBXFileReference; fileEncoding = 4; lastKnownFileType = sourcecode.c.h; path = ZAAppDelegateConnectorLayoutsStylesProtocol.h; sourceTree = "<group>"; };
		FA9A96501F1612F500E64F9D /* ZAAppDelegateConnectorFirebaseRemoteConfigurationProtocol.h */ = {isa = PBXFileReference; fileEncoding = 4; lastKnownFileType = sourcecode.c.h; path = ZAAppDelegateConnectorFirebaseRemoteConfigurationProtocol.h; sourceTree = "<group>"; };
/* End PBXFileReference section */

/* Begin PBXFrameworksBuildPhase section */
		FA13B617204E9B630012E9AB /* Frameworks */ = {
			isa = PBXFrameworksBuildPhase;
			buildActionMask = 2147483647;
			files = (
			);
			runOnlyForDeploymentPostprocessing = 0;
		};
		FA9590311F08D7E600879372 /* Frameworks */ = {
			isa = PBXFrameworksBuildPhase;
			buildActionMask = 2147483647;
			files = (
				E7849026D17AE23184966088 /* Pods_ZappAppConnector.framework in Frameworks */,
			);
			runOnlyForDeploymentPostprocessing = 0;
		};
/* End PBXFrameworksBuildPhase section */

/* Begin PBXGroup section */
		62B68DE0E47FE99D8A3EC03D /* Frameworks */ = {
			isa = PBXGroup;
			children = (
				E16AAABC6978A076A27EE310 /* Pods_ZappAppConnector.framework */,
				B291F0DDD60F5E87DB25C224 /* Pods_ZappAppConnectorTests.framework */,
				42CC678034F349683EB9516A /* Pods_ZappAppConnector_ZappAppConnectorTests.framework */,
			);
			name = Frameworks;
			sourceTree = "<group>";
		};
		71797F451FF41FC5004D3232 /* Classes */ = {
			isa = PBXGroup;
			children = (
				71797F461FF41FC5004D3232 /* ZAAccountKitUser.swift */,
			);
			path = Classes;
			sourceTree = "<group>";
		};
		8466ED8AC4BC88AF5F9C6F6F /* Pods */ = {
			isa = PBXGroup;
			children = (
				0824DA4ED3E6BE8B6C57EDDA /* Pods-ZappAppConnector.debug.xcconfig */,
				F7EDBC18C1683DC6E51A7D1B /* Pods-ZappAppConnector.release.xcconfig */,
				365E8C5F3B06CC6F3F5965D4 /* Pods-ZappAppConnectorTests.debug.xcconfig */,
				90D7D48DF8594EFF11EAA009 /* Pods-ZappAppConnectorTests.release.xcconfig */,
				9D406F193B51FF760BB4422B /* Pods-ZappAppConnector-ZappAppConnectorTests.debug.xcconfig */,
				F95B35259A036D85D45EE036 /* Pods-ZappAppConnector-ZappAppConnectorTests.release.xcconfig */,
			);
			name = Pods;
			sourceTree = "<group>";
		};
		FA13B61B204E9B630012E9AB /* ZappAppConnectorTests */ = {
			isa = PBXGroup;
			children = (
				FA13B61C204E9B630012E9AB /* ZappAppConnectorTests.swift */,
				FA13B61E204E9B630012E9AB /* Info.plist */,
			);
			path = ZappAppConnectorTests;
			sourceTree = "<group>";
		};
		FA95902B1F08D7E500879372 = {
			isa = PBXGroup;
			children = (
				FA9590371F08D7E600879372 /* ZappAppConnector */,
				FA13B61B204E9B630012E9AB /* ZappAppConnectorTests */,
				FA9590361F08D7E600879372 /* Products */,
				8466ED8AC4BC88AF5F9C6F6F /* Pods */,
				62B68DE0E47FE99D8A3EC03D /* Frameworks */,
			);
			sourceTree = "<group>";
		};
		FA9590361F08D7E600879372 /* Products */ = {
			isa = PBXGroup;
			children = (
				FA9590351F08D7E600879372 /* ZappAppConnector.framework */,
				FA13B61A204E9B630012E9AB /* ZappAppConnectorTests.xctest */,
			);
			name = Products;
			sourceTree = "<group>";
		};
		FA9590371F08D7E600879372 /* ZappAppConnector */ = {
			isa = PBXGroup;
			children = (
				FA95904F1F08D80500879372 /* AppConnector */,
				FA9590541F08D81F00879372 /* Protocols */,
				FA9590381F08D7E600879372 /* ZappAppConnector.h */,
				FA9590391F08D7E600879372 /* Info.plist */,
			);
			path = ZappAppConnector;
			sourceTree = "<group>";
		};
		FA95904F1F08D80500879372 /* AppConnector */ = {
			isa = PBXGroup;
			children = (
				71797F451FF41FC5004D3232 /* Classes */,
				FA9590501F08D80500879372 /* ZAAppConnector.h */,
				FA9590511F08D80500879372 /* ZAAppConnector.m */,
			);
			path = AppConnector;
			sourceTree = "<group>";
		};
		FA9590541F08D81F00879372 /* Protocols */ = {
			isa = PBXGroup;
			children = (
				71B074901FF2B27A008ADA28 /* ZAAppDelegateConnectorFacebookAccountKitProtocol.h */,
				FA9A96501F1612F500E64F9D /* ZAAppDelegateConnectorFirebaseRemoteConfigurationProtocol.h */,
				FA9590591F08DA6A00879372 /* ZAAppDelegateConnectorLocalizationProtocol.h */,
				FA9590551F08D81F00879372 /* ZAAppDelegateConnectorNavigationProtocol.h */,
				FA95905B1F08DA7F00879372 /* ZAAppDelegateConnectorLayoutsStylesProtocol.h */,
				CE50034B1F0A0F3F00825C38 /* ZAAppDelegateConnectorTimeProtocol.h */,
				CE50034D1F0A10ED00825C38 /* ZAAppDelegateConnectorActionProtocol.h */,
				CE50034F1F0A115E00825C38 /* ZAAppDelegateConnectorAnimationProtocol.h */,
				CE4A9A981F0AD60A002FDE36 /* ZAAppDelegateConnectorURLProtocol.h */,
				07E094661FEC161F006C1776 /* ZAAppDelegateConnectorChromecastProtocol.h */,
				711C9971202E0D1F008B5D73 /* ZAAppDelegateConnectorAnalyticsProtocol.swift */,
				FA13B614204DF5E60012E9AB /* ZAAppDelegateConnectorGenericProtocol.swift */,
			);
			path = Protocols;
			sourceTree = "<group>";
		};
/* End PBXGroup section */

/* Begin PBXHeadersBuildPhase section */
		FA9590321F08D7E600879372 /* Headers */ = {
			isa = PBXHeadersBuildPhase;
			buildActionMask = 2147483647;
			files = (
				FA9A96511F1612F500E64F9D /* ZAAppDelegateConnectorFirebaseRemoteConfigurationProtocol.h in Headers */,
				FA95905A1F08DA6A00879372 /* ZAAppDelegateConnectorLocalizationProtocol.h in Headers */,
				CE4A9A991F0AD60A002FDE36 /* ZAAppDelegateConnectorURLProtocol.h in Headers */,
				07E094671FEC161F006C1776 /* ZAAppDelegateConnectorChromecastProtocol.h in Headers */,
				FA9590571F08D81F00879372 /* ZAAppDelegateConnectorNavigationProtocol.h in Headers */,
				71B074911FF2B27A008ADA28 /* ZAAppDelegateConnectorFacebookAccountKitProtocol.h in Headers */,
				FA9590461F08D7E600879372 /* ZappAppConnector.h in Headers */,
				CE5003501F0A115E00825C38 /* ZAAppDelegateConnectorAnimationProtocol.h in Headers */,
				CE50034C1F0A0F3F00825C38 /* ZAAppDelegateConnectorTimeProtocol.h in Headers */,
				CE50034E1F0A10ED00825C38 /* ZAAppDelegateConnectorActionProtocol.h in Headers */,
				FA95905C1F08DA7F00879372 /* ZAAppDelegateConnectorLayoutsStylesProtocol.h in Headers */,
				FA9590521F08D80500879372 /* ZAAppConnector.h in Headers */,
			);
			runOnlyForDeploymentPostprocessing = 0;
		};
/* End PBXHeadersBuildPhase section */

/* Begin PBXNativeTarget section */
		FA13B619204E9B630012E9AB /* ZappAppConnectorTests */ = {
			isa = PBXNativeTarget;
			buildConfigurationList = FA13B61F204E9B630012E9AB /* Build configuration list for PBXNativeTarget "ZappAppConnectorTests" */;
			buildPhases = (
				FA13B616204E9B630012E9AB /* Sources */,
				FA13B617204E9B630012E9AB /* Frameworks */,
				FA13B618204E9B630012E9AB /* Resources */,
			);
			buildRules = (
			);
			dependencies = (
			);
			name = ZappAppConnectorTests;
			productName = ZappAppConnectorTests;
			productReference = FA13B61A204E9B630012E9AB /* ZappAppConnectorTests.xctest */;
			productType = "com.apple.product-type.bundle.ui-testing";
		};
		FA9590341F08D7E600879372 /* ZappAppConnector */ = {
			isa = PBXNativeTarget;
			buildConfigurationList = FA9590491F08D7E600879372 /* Build configuration list for PBXNativeTarget "ZappAppConnector" */;
			buildPhases = (
				AD850484A6824E4857A777B3 /* [CP] Check Pods Manifest.lock */,
				FA9590301F08D7E600879372 /* Sources */,
				FA9590311F08D7E600879372 /* Frameworks */,
				FA9590321F08D7E600879372 /* Headers */,
				FA9590331F08D7E600879372 /* Resources */,
				C5B701FF998CA5C4680AE24C /* [CP] Copy Pods Resources */,
			);
			buildRules = (
			);
			dependencies = (
			);
			name = ZappAppConnector;
			productName = ZappAppConnector;
			productReference = FA9590351F08D7E600879372 /* ZappAppConnector.framework */;
			productType = "com.apple.product-type.framework";
		};
/* End PBXNativeTarget section */

/* Begin PBXProject section */
		FA95902C1F08D7E500879372 /* Project object */ = {
			isa = PBXProject;
			attributes = {
				LastSwiftUpdateCheck = 0910;
				LastUpgradeCheck = 0910;
				ORGANIZATIONNAME = "Applicaster Ltd.";
				TargetAttributes = {
					FA13B619204E9B630012E9AB = {
						CreatedOnToolsVersion = 9.1;
						ProvisioningStyle = Automatic;
					};
					FA9590341F08D7E600879372 = {
						CreatedOnToolsVersion = 8.3.3;
						ProvisioningStyle = Automatic;
					};
				};
			};
			buildConfigurationList = FA95902F1F08D7E500879372 /* Build configuration list for PBXProject "ZappAppConnector" */;
			compatibilityVersion = "Xcode 3.2";
			developmentRegion = English;
			hasScannedForEncodings = 0;
			knownRegions = (
				en,
			);
			mainGroup = FA95902B1F08D7E500879372;
			productRefGroup = FA9590361F08D7E600879372 /* Products */;
			projectDirPath = "";
			projectRoot = "";
			targets = (
				FA9590341F08D7E600879372 /* ZappAppConnector */,
				FA13B619204E9B630012E9AB /* ZappAppConnectorTests */,
			);
		};
/* End PBXProject section */

/* Begin PBXResourcesBuildPhase section */
		FA13B618204E9B630012E9AB /* Resources */ = {
			isa = PBXResourcesBuildPhase;
			buildActionMask = 2147483647;
			files = (
			);
			runOnlyForDeploymentPostprocessing = 0;
		};
		FA9590331F08D7E600879372 /* Resources */ = {
			isa = PBXResourcesBuildPhase;
			buildActionMask = 2147483647;
			files = (
			);
			runOnlyForDeploymentPostprocessing = 0;
		};
/* End PBXResourcesBuildPhase section */

/* Begin PBXShellScriptBuildPhase section */
		AD850484A6824E4857A777B3 /* [CP] Check Pods Manifest.lock */ = {
			isa = PBXShellScriptBuildPhase;
			buildActionMask = 2147483647;
			files = (
			);
			inputPaths = (
				"${PODS_PODFILE_DIR_PATH}/Podfile.lock",
				"${PODS_ROOT}/Manifest.lock",
			);
			name = "[CP] Check Pods Manifest.lock";
			outputPaths = (
				"$(DERIVED_FILE_DIR)/Pods-ZappAppConnector-checkManifestLockResult.txt",
			);
			runOnlyForDeploymentPostprocessing = 0;
			shellPath = /bin/sh;
			shellScript = "diff \"${PODS_PODFILE_DIR_PATH}/Podfile.lock\" \"${PODS_ROOT}/Manifest.lock\" > /dev/null\nif [ $? != 0 ] ; then\n    # print error to STDERR\n    echo \"error: The sandbox is not in sync with the Podfile.lock. Run 'pod install' or update your CocoaPods installation.\" >&2\n    exit 1\nfi\n# This output is used by Xcode 'outputs' to avoid re-running this script phase.\necho \"SUCCESS\" > \"${SCRIPT_OUTPUT_FILE_0}\"\n";
			showEnvVarsInLog = 0;
		};
		C5B701FF998CA5C4680AE24C /* [CP] Copy Pods Resources */ = {
			isa = PBXShellScriptBuildPhase;
			buildActionMask = 2147483647;
			files = (
			);
			inputPaths = (
			);
			name = "[CP] Copy Pods Resources";
			outputPaths = (
			);
			runOnlyForDeploymentPostprocessing = 0;
			shellPath = /bin/sh;
			shellScript = "\"${SRCROOT}/Pods/Target Support Files/Pods-ZappAppConnector/Pods-ZappAppConnector-resources.sh\"\n";
			showEnvVarsInLog = 0;
		};
/* End PBXShellScriptBuildPhase section */

/* Begin PBXSourcesBuildPhase section */
		FA13B616204E9B630012E9AB /* Sources */ = {
			isa = PBXSourcesBuildPhase;
			buildActionMask = 2147483647;
			files = (
				FA13B61D204E9B630012E9AB /* ZappAppConnectorTests.swift in Sources */,
			);
			runOnlyForDeploymentPostprocessing = 0;
		};
		FA9590301F08D7E600879372 /* Sources */ = {
			isa = PBXSourcesBuildPhase;
			buildActionMask = 2147483647;
			files = (
				71797F471FF41FC5004D3232 /* ZAAccountKitUser.swift in Sources */,
				FA9590531F08D80500879372 /* ZAAppConnector.m in Sources */,
				711C9972202E0D1F008B5D73 /* ZAAppDelegateConnectorAnalyticsProtocol.swift in Sources */,
				FA13B615204DF5E60012E9AB /* ZAAppDelegateConnectorGenericProtocol.swift in Sources */,
			);
			runOnlyForDeploymentPostprocessing = 0;
		};
/* End PBXSourcesBuildPhase section */

/* Begin XCBuildConfiguration section */
		FA13B620204E9B630012E9AB /* Debug */ = {
			isa = XCBuildConfiguration;
			buildSettings = {
				CLANG_CXX_LANGUAGE_STANDARD = "gnu++14";
				CLANG_WARN_UNGUARDED_AVAILABILITY = YES_AGGRESSIVE;
				CODE_SIGN_IDENTITY = "iPhone Developer";
				CODE_SIGN_STYLE = Automatic;
				GCC_C_LANGUAGE_STANDARD = gnu11;
				INFOPLIST_FILE = ZappAppConnectorTests/Info.plist;
				IPHONEOS_DEPLOYMENT_TARGET = 11.1;
				LD_RUNPATH_SEARCH_PATHS = "$(inherited) @executable_path/Frameworks @loader_path/Frameworks";
				PRODUCT_BUNDLE_IDENTIFIER = com.applicaster.ZappAppConnectorTests;
				PRODUCT_NAME = "$(TARGET_NAME)";
				SWIFT_ACTIVE_COMPILATION_CONDITIONS = DEBUG;
				SWIFT_OPTIMIZATION_LEVEL = "-Onone";
				SWIFT_VERSION = 4.0;
				TARGETED_DEVICE_FAMILY = "1,2";
			};
			name = Debug;
		};
		FA13B621204E9B630012E9AB /* Release */ = {
			isa = XCBuildConfiguration;
			buildSettings = {
				CLANG_CXX_LANGUAGE_STANDARD = "gnu++14";
				CLANG_WARN_UNGUARDED_AVAILABILITY = YES_AGGRESSIVE;
				CODE_SIGN_IDENTITY = "iPhone Developer";
				CODE_SIGN_STYLE = Automatic;
				GCC_C_LANGUAGE_STANDARD = gnu11;
				INFOPLIST_FILE = ZappAppConnectorTests/Info.plist;
				IPHONEOS_DEPLOYMENT_TARGET = 11.1;
				LD_RUNPATH_SEARCH_PATHS = "$(inherited) @executable_path/Frameworks @loader_path/Frameworks";
				PRODUCT_BUNDLE_IDENTIFIER = com.applicaster.ZappAppConnectorTests;
				PRODUCT_NAME = "$(TARGET_NAME)";
				SWIFT_OPTIMIZATION_LEVEL = "-Owholemodule";
				SWIFT_VERSION = 4.0;
				TARGETED_DEVICE_FAMILY = "1,2";
			};
			name = Release;
		};
		FA9590471F08D7E600879372 /* Debug */ = {
			isa = XCBuildConfiguration;
			buildSettings = {
				ALWAYS_SEARCH_USER_PATHS = NO;
				CLANG_ANALYZER_NONNULL = YES;
				CLANG_ANALYZER_NUMBER_OBJECT_CONVERSION = YES_AGGRESSIVE;
				CLANG_CXX_LANGUAGE_STANDARD = "gnu++0x";
				CLANG_CXX_LIBRARY = "libc++";
				CLANG_ENABLE_MODULES = YES;
				CLANG_ENABLE_OBJC_ARC = YES;
				CLANG_WARN_BLOCK_CAPTURE_AUTORELEASING = YES;
				CLANG_WARN_BOOL_CONVERSION = YES;
				CLANG_WARN_COMMA = YES;
				CLANG_WARN_CONSTANT_CONVERSION = YES;
				CLANG_WARN_DIRECT_OBJC_ISA_USAGE = YES_ERROR;
				CLANG_WARN_DOCUMENTATION_COMMENTS = YES;
				CLANG_WARN_EMPTY_BODY = YES;
				CLANG_WARN_ENUM_CONVERSION = YES;
				CLANG_WARN_INFINITE_RECURSION = YES;
				CLANG_WARN_INT_CONVERSION = YES;
				CLANG_WARN_NON_LITERAL_NULL_CONVERSION = YES;
				CLANG_WARN_OBJC_LITERAL_CONVERSION = YES;
				CLANG_WARN_OBJC_ROOT_CLASS = YES_ERROR;
				CLANG_WARN_RANGE_LOOP_ANALYSIS = YES;
				CLANG_WARN_STRICT_PROTOTYPES = YES;
				CLANG_WARN_SUSPICIOUS_MOVE = YES;
				CLANG_WARN_UNREACHABLE_CODE = YES;
				CLANG_WARN__DUPLICATE_METHOD_MATCH = YES;
				"CODE_SIGN_IDENTITY[sdk=iphoneos*]" = "iPhone Developer";
				COPY_PHASE_STRIP = NO;
				CURRENT_PROJECT_VERSION = 1;
				DEBUG_INFORMATION_FORMAT = dwarf;
				ENABLE_STRICT_OBJC_MSGSEND = YES;
				ENABLE_TESTABILITY = YES;
				GCC_C_LANGUAGE_STANDARD = gnu99;
				GCC_DYNAMIC_NO_PIC = NO;
				GCC_NO_COMMON_BLOCKS = YES;
				GCC_OPTIMIZATION_LEVEL = 0;
				GCC_PREPROCESSOR_DEFINITIONS = (
					"DEBUG=1",
					"$(inherited)",
				);
				GCC_WARN_64_TO_32_BIT_CONVERSION = YES;
				GCC_WARN_ABOUT_RETURN_TYPE = YES_ERROR;
				GCC_WARN_UNDECLARED_SELECTOR = YES;
				GCC_WARN_UNINITIALIZED_AUTOS = YES_AGGRESSIVE;
				GCC_WARN_UNUSED_FUNCTION = YES;
				GCC_WARN_UNUSED_VARIABLE = YES;
				IPHONEOS_DEPLOYMENT_TARGET = 9.0;
				MTL_ENABLE_DEBUG_INFO = YES;
				ONLY_ACTIVE_ARCH = YES;
				SDKROOT = iphoneos;
				SWIFT_VERSION = 4.0;
				TARGETED_DEVICE_FAMILY = "1,2";
				VERSIONING_SYSTEM = "apple-generic";
				VERSION_INFO_PREFIX = "";
			};
			name = Debug;
		};
		FA9590481F08D7E600879372 /* Release */ = {
			isa = XCBuildConfiguration;
			buildSettings = {
				ALWAYS_SEARCH_USER_PATHS = NO;
				CLANG_ANALYZER_NONNULL = YES;
				CLANG_ANALYZER_NUMBER_OBJECT_CONVERSION = YES_AGGRESSIVE;
				CLANG_CXX_LANGUAGE_STANDARD = "gnu++0x";
				CLANG_CXX_LIBRARY = "libc++";
				CLANG_ENABLE_MODULES = YES;
				CLANG_ENABLE_OBJC_ARC = YES;
				CLANG_WARN_BLOCK_CAPTURE_AUTORELEASING = YES;
				CLANG_WARN_BOOL_CONVERSION = YES;
				CLANG_WARN_COMMA = YES;
				CLANG_WARN_CONSTANT_CONVERSION = YES;
				CLANG_WARN_DIRECT_OBJC_ISA_USAGE = YES_ERROR;
				CLANG_WARN_DOCUMENTATION_COMMENTS = YES;
				CLANG_WARN_EMPTY_BODY = YES;
				CLANG_WARN_ENUM_CONVERSION = YES;
				CLANG_WARN_INFINITE_RECURSION = YES;
				CLANG_WARN_INT_CONVERSION = YES;
				CLANG_WARN_NON_LITERAL_NULL_CONVERSION = YES;
				CLANG_WARN_OBJC_LITERAL_CONVERSION = YES;
				CLANG_WARN_OBJC_ROOT_CLASS = YES_ERROR;
				CLANG_WARN_RANGE_LOOP_ANALYSIS = YES;
				CLANG_WARN_STRICT_PROTOTYPES = YES;
				CLANG_WARN_SUSPICIOUS_MOVE = YES;
				CLANG_WARN_UNREACHABLE_CODE = YES;
				CLANG_WARN__DUPLICATE_METHOD_MATCH = YES;
				"CODE_SIGN_IDENTITY[sdk=iphoneos*]" = "iPhone Developer";
				COPY_PHASE_STRIP = NO;
				CURRENT_PROJECT_VERSION = 1;
				DEBUG_INFORMATION_FORMAT = "dwarf-with-dsym";
				ENABLE_NS_ASSERTIONS = NO;
				ENABLE_STRICT_OBJC_MSGSEND = YES;
				GCC_C_LANGUAGE_STANDARD = gnu99;
				GCC_NO_COMMON_BLOCKS = YES;
				GCC_WARN_64_TO_32_BIT_CONVERSION = YES;
				GCC_WARN_ABOUT_RETURN_TYPE = YES_ERROR;
				GCC_WARN_UNDECLARED_SELECTOR = YES;
				GCC_WARN_UNINITIALIZED_AUTOS = YES_AGGRESSIVE;
				GCC_WARN_UNUSED_FUNCTION = YES;
				GCC_WARN_UNUSED_VARIABLE = YES;
				IPHONEOS_DEPLOYMENT_TARGET = 9.0;
				MTL_ENABLE_DEBUG_INFO = NO;
				SDKROOT = iphoneos;
				SWIFT_VERSION = 4.0;
				TARGETED_DEVICE_FAMILY = "1,2";
				VALIDATE_PRODUCT = YES;
				VERSIONING_SYSTEM = "apple-generic";
				VERSION_INFO_PREFIX = "";
			};
			name = Release;
		};
		FA95904A1F08D7E600879372 /* Debug */ = {
			isa = XCBuildConfiguration;
			baseConfigurationReference = 0824DA4ED3E6BE8B6C57EDDA /* Pods-ZappAppConnector.debug.xcconfig */;
			buildSettings = {
				CODE_SIGN_IDENTITY = "";
				DEFINES_MODULE = YES;
				DYLIB_COMPATIBILITY_VERSION = 1;
				DYLIB_CURRENT_VERSION = 1;
				DYLIB_INSTALL_NAME_BASE = "@rpath";
				INFOPLIST_FILE = ZappAppConnector/Info.plist;
				INSTALL_PATH = "$(LOCAL_LIBRARY_DIR)/Frameworks";
				LD_RUNPATH_SEARCH_PATHS = "$(inherited) @executable_path/Frameworks @loader_path/Frameworks";
				PRODUCT_BUNDLE_IDENTIFIER = com.applicaster.ZappAppConnector;
				PRODUCT_NAME = "$(TARGET_NAME)";
				SKIP_INSTALL = YES;
			};
			name = Debug;
		};
		FA95904B1F08D7E600879372 /* Release */ = {
			isa = XCBuildConfiguration;
			baseConfigurationReference = F7EDBC18C1683DC6E51A7D1B /* Pods-ZappAppConnector.release.xcconfig */;
			buildSettings = {
				CODE_SIGN_IDENTITY = "";
				DEFINES_MODULE = YES;
				DYLIB_COMPATIBILITY_VERSION = 1;
				DYLIB_CURRENT_VERSION = 1;
				DYLIB_INSTALL_NAME_BASE = "@rpath";
				INFOPLIST_FILE = ZappAppConnector/Info.plist;
				INSTALL_PATH = "$(LOCAL_LIBRARY_DIR)/Frameworks";
				LD_RUNPATH_SEARCH_PATHS = "$(inherited) @executable_path/Frameworks @loader_path/Frameworks";
				PRODUCT_BUNDLE_IDENTIFIER = com.applicaster.ZappAppConnector;
				PRODUCT_NAME = "$(TARGET_NAME)";
				SKIP_INSTALL = YES;
			};
			name = Release;
		};
/* End XCBuildConfiguration section */

/* Begin XCConfigurationList section */
		FA13B61F204E9B630012E9AB /* Build configuration list for PBXNativeTarget "ZappAppConnectorTests" */ = {
			isa = XCConfigurationList;
			buildConfigurations = (
				FA13B620204E9B630012E9AB /* Debug */,
				FA13B621204E9B630012E9AB /* Release */,
			);
			defaultConfigurationIsVisible = 0;
			defaultConfigurationName = Release;
		};
		FA95902F1F08D7E500879372 /* Build configuration list for PBXProject "ZappAppConnector" */ = {
			isa = XCConfigurationList;
			buildConfigurations = (
				FA9590471F08D7E600879372 /* Debug */,
				FA9590481F08D7E600879372 /* Release */,
			);
			defaultConfigurationIsVisible = 0;
			defaultConfigurationName = Release;
		};
		FA9590491F08D7E600879372 /* Build configuration list for PBXNativeTarget "ZappAppConnector" */ = {
			isa = XCConfigurationList;
			buildConfigurations = (
				FA95904A1F08D7E600879372 /* Debug */,
				FA95904B1F08D7E600879372 /* Release */,
			);
			defaultConfigurationIsVisible = 0;
			defaultConfigurationName = Release;
		};
/* End XCConfigurationList section */
	};
	rootObject = FA95902C1F08D7E500879372 /* Project object */;
}
